{
  "name": "nodejsnpm",
  "version": "1.0.0",
  "lockfileVersion": 1,
  "requires": true,
  "dependencies": {
    "chistes-aleatorios": {
      "version": "1.2.0",
      "resolved": "https://registry.npmjs.org/chistes-aleatorios/-/chistes-aleatorios-1.2.0.tgz",
      "integrity": "sha512-IO5ML4U1wp6u3sMbvITunR22aKQiZcRpq+gpPfk48VNWmvvAKx0NCP+omih6AeHQc8WT7FaAFyQJXo2dJHKI4Q=="
    },
    "cool-images": {
      "version": "1.0.3",
      "resolved": "https://registry.npmjs.org/cool-images/-/cool-images-1.0.3.tgz",
      "integrity": "sha512-wjHvTcX/boIoGOrO4b12G3zie0v9TBm/Ljg2WmLPbnmOGhYjLkKd2FQaVkzzAhl6KqJkOHspfIcgoE7uk5djhQ=="
    },
    "moment": {
      "version": "2.29.1",
      "resolved": "https://registry.npmjs.org/moment/-/moment-2.29.1.tgz",
      "integrity": "sha512-kHmoybcPV8Sqy59DwNDY3Jefr64lK/by/da0ViFcuA4DH0vQg5Q6Ze5VimxkfQNSC+Mls/Kx53s7TjP1RhFEDQ=="
    }
  }
}
